
Microsoft Visual Studio Solution File, Format Version 12.00
# Visual Studio Version 16
VisualStudioVersion = 16.0.31410.357
MinimumVisualStudioVersion = 10.0.40219.1
Project("{FAE04EC0-301F-11D3-BF4B-00C04F79EFBC}") = "MultiplayerClient", "MultiplayerClient.csproj", "{B88FB42C-BC4B-4FE3-8B16-4BA121F6FB2D}"
EndProject
Global
	GlobalSection(SolutionConfigurationPlatforms) = preSolution
		Debug|Any CPU = Debug|Any CPU
		Release|Any CPU = Release|Any CPU
	EndGlobalSection
	GlobalSection(ProjectConfigurationPlatforms) = postSolution
		{B88FB42C-BC4B-4FE3-8B16-4BA121F6FB2D}.Debug|Any CPU.ActiveCfg = Debug|Any CPU
		{B88FB42C-BC4B-4FE3-8B16-4BA121F6FB2D}.Debug|Any CPU.Build.0 = Debug|Any CPU
		{B88FB42C-BC4B-4FE3-8B16-4BA121F6FB2D}.Release|Any CPU.ActiveCfg = Release|Any CPU
		{B88FB42C-BC4B-4FE3-8B16-4BA121F6FB2D}.Release|Any CPU.Build.0 = Release|Any CPU
	EndGlobalSection
	GlobalSection(SolutionProperties) = preSolution
		HideSolutionNode = FALSE
	EndGlobalSection
	GlobalSection(ExtensibilityGlobals) = postSolution
		SolutionGuid = {3EE7A982-8D20-40FF-B94A-8666F1EA96F3}
	EndGlobalSection
EndGlobal
